
Microsoft Visual Studio Solution File, Format Version 12.00
# Visual Studio Version 16
VisualStudioVersion = 16.0.29403.142
MinimumVisualStudioVersion = 10.0.40219.1
Project("{9A19103F-16F7-4668-BE54-9A1E7A4F7556}") = "MSPApplication.Api", "MSPApplication.Api\MSPApplication.Api.csproj", "{E2F902F3-EED9-4A0D-B613-475C242543A5}"
EndProject
Project("{9A19103F-16F7-4668-BE54-9A1E7A4F7556}") = "MSPApplication.ComponentsLibrary", "MSPApplication.ComponentsLibrary\MSPApplication.ComponentsLibrary.csproj", "{DB8C94A6-7D1C-4A41-AFB4-E56A937C75B4}"
EndProject
Project("{9A19103F-16F7-4668-BE54-9A1E7A4F7556}") = "MSPApplication.Data", "MSPApplication.Data\MSPApplication.Data.csproj", "{D3BE6101-8CAA-4F80-BCD5-0958D2E11D0D}"
EndProject
Project("{9A19103F-16F7-4668-BE54-9A1E7A4F7556}") = "MSPApplication.Shared", "MSPApplication.Shared\MSPApplication.Shared.csproj", "{1F3CF81D-DE65-40A2-9102-88ADF1EC49CA}"
EndProject
Project("{9A19103F-16F7-4668-BE54-9A1E7A4F7556}") = "MSPApplication.UI", "MSPApplication.UI\MSPApplication.UI.csproj", "{9B936462-745A-49FD-BE2B-0BE76EBBC095}"
EndProject
Project("{FAE04EC0-301F-11D3-BF4B-00C04F79EFBC}") = "XUnitTestProject", "XUnitTestProject\XUnitTestProject.csproj", "{83B02DA4-81FD-45F8-A28C-C51673B6F1A2}"
EndProject
Global
	GlobalSection(SolutionConfigurationPlatforms) = preSolution
		Debug|Any CPU = Debug|Any CPU
		Release|Any CPU = Release|Any CPU
	EndGlobalSection
	GlobalSection(ProjectConfigurationPlatforms) = postSolution
		{E2F902F3-EED9-4A0D-B613-475C242543A5}.Debug|Any CPU.ActiveCfg = Debug|Any CPU
		{E2F902F3-EED9-4A0D-B613-475C242543A5}.Debug|Any CPU.Build.0 = Debug|Any CPU
		{E2F902F3-EED9-4A0D-B613-475C242543A5}.Release|Any CPU.ActiveCfg = Release|Any CPU
		{E2F902F3-EED9-4A0D-B613-475C242543A5}.Release|Any CPU.Build.0 = Release|Any CPU
		{DB8C94A6-7D1C-4A41-AFB4-E56A937C75B4}.Debug|Any CPU.ActiveCfg = Debug|Any CPU
		{DB8C94A6-7D1C-4A41-AFB4-E56A937C75B4}.Debug|Any CPU.Build.0 = Debug|Any CPU
		{DB8C94A6-7D1C-4A41-AFB4-E56A937C75B4}.Release|Any CPU.ActiveCfg = Release|Any CPU
		{DB8C94A6-7D1C-4A41-AFB4-E56A937C75B4}.Release|Any CPU.Build.0 = Release|Any CPU
		{D3BE6101-8CAA-4F80-BCD5-0958D2E11D0D}.Debug|Any CPU.ActiveCfg = Debug|Any CPU
		{D3BE6101-8CAA-4F80-BCD5-0958D2E11D0D}.Debug|Any CPU.Build.0 = Debug|Any CPU
		{D3BE6101-8CAA-4F80-BCD5-0958D2E11D0D}.Release|Any CPU.ActiveCfg = Release|Any CPU
		{D3BE6101-8CAA-4F80-BCD5-0958D2E11D0D}.Release|Any CPU.Build.0 = Release|Any CPU
		{1F3CF81D-DE65-40A2-9102-88ADF1EC49CA}.Debug|Any CPU.ActiveCfg = Debug|Any CPU
		{1F3CF81D-DE65-40A2-9102-88ADF1EC49CA}.Debug|Any CPU.Build.0 = Debug|Any CPU
		{1F3CF81D-DE65-40A2-9102-88ADF1EC49CA}.Release|Any CPU.ActiveCfg = Release|Any CPU
		{1F3CF81D-DE65-40A2-9102-88ADF1EC49CA}.Release|Any CPU.Build.0 = Release|Any CPU
		{9B936462-745A-49FD-BE2B-0BE76EBBC095}.Debug|Any CPU.ActiveCfg = Debug|Any CPU
		{9B936462-745A-49FD-BE2B-0BE76EBBC095}.Debug|Any CPU.Build.0 = Debug|Any CPU
		{9B936462-745A-49FD-BE2B-0BE76EBBC095}.Release|Any CPU.ActiveCfg = Release|Any CPU
		{9B936462-745A-49FD-BE2B-0BE76EBBC095}.Release|Any CPU.Build.0 = Release|Any CPU
		{83B02DA4-81FD-45F8-A28C-C51673B6F1A2}.Debug|Any CPU.ActiveCfg = Debug|Any CPU
		{83B02DA4-81FD-45F8-A28C-C51673B6F1A2}.Debug|Any CPU.Build.0 = Debug|Any CPU
		{83B02DA4-81FD-45F8-A28C-C51673B6F1A2}.Release|Any CPU.ActiveCfg = Release|Any CPU
		{83B02DA4-81FD-45F8-A28C-C51673B6F1A2}.Release|Any CPU.Build.0 = Release|Any CPU
	EndGlobalSection
	GlobalSection(SolutionProperties) = preSolution
		HideSolutionNode = FALSE
	EndGlobalSection
	GlobalSection(ExtensibilityGlobals) = postSolution
		SolutionGuid = {8FAD6A7F-346C-4B06-9840-20E884BDEB91}
	EndGlobalSection
EndGlobal
