
Microsoft Visual Studio Solution File, Format Version 12.00
# Visual Studio Version 17
VisualStudioVersion = 17.2.32210.308
MinimumVisualStudioVersion = 10.0.40219.1
Project("{9A19103F-16F7-4668-BE54-9A1E7A4F7556}") = "MSPApplication.Api", "MSPApplication.Api\MSPApplication.Api.csproj", "{E2F902F3-EED9-4A0D-B613-475C242543A5}"
EndProject
Project("{9A19103F-16F7-4668-BE54-9A1E7A4F7556}") = "MSPApplication.ComponentsLibrary", "MSPApplication.ComponentsLibrary\MSPApplication.ComponentsLibrary.csproj", "{DB8C94A6-7D1C-4A41-AFB4-E56A937C75B4}"
EndProject
Project("{9A19103F-16F7-4668-BE54-9A1E7A4F7556}") = "MSPApplication.Data", "MSPApplication.Data\MSPApplication.Data.csproj", "{D3BE6101-8CAA-4F80-BCD5-0958D2E11D0D}"
EndProject
Project("{9A19103F-16F7-4668-BE54-9A1E7A4F7556}") = "MSPApplication.Shared", "MSPApplication.Shared\MSPApplication.Shared.csproj", "{1F3CF81D-DE65-40A2-9102-88ADF1EC49CA}"
EndProject
Project("{9A19103F-16F7-4668-BE54-9A1E7A4F7556}") = "MSPApplicationDotNet6.UI", "MSPApplicationDotNet6.UI\MSPApplicationDotNet6.UI.csproj", "{B3B013E1-5130-4888-838B-17E098CB8BFA}"
EndProject
Global
	GlobalSection(SolutionConfigurationPlatforms) = preSolution
		Debug|Any CPU = Debug|Any CPU
		Release|Any CPU = Release|Any CPU
	EndGlobalSection
	GlobalSection(ProjectConfigurationPlatforms) = postSolution
		{E2F902F3-EED9-4A0D-B613-475C242543A5}.Debug|Any CPU.ActiveCfg = Debug|Any CPU
		{E2F902F3-EED9-4A0D-B613-475C242543A5}.Debug|Any CPU.Build.0 = Debug|Any CPU
		{E2F902F3-EED9-4A0D-B613-475C242543A5}.Release|Any CPU.ActiveCfg = Release|Any CPU
		{E2F902F3-EED9-4A0D-B613-475C242543A5}.Release|Any CPU.Build.0 = Release|Any CPU
		{DB8C94A6-7D1C-4A41-AFB4-E56A937C75B4}.Debug|Any CPU.ActiveCfg = Debug|Any CPU
		{DB8C94A6-7D1C-4A41-AFB4-E56A937C75B4}.Debug|Any CPU.Build.0 = Debug|Any CPU
		{DB8C94A6-7D1C-4A41-AFB4-E56A937C75B4}.Release|Any CPU.ActiveCfg = Release|Any CPU
		{DB8C94A6-7D1C-4A41-AFB4-E56A937C75B4}.Release|Any CPU.Build.0 = Release|Any CPU
		{D3BE6101-8CAA-4F80-BCD5-0958D2E11D0D}.Debug|Any CPU.ActiveCfg = Debug|Any CPU
		{D3BE6101-8CAA-4F80-BCD5-0958D2E11D0D}.Debug|Any CPU.Build.0 = Debug|Any CPU
		{D3BE6101-8CAA-4F80-BCD5-0958D2E11D0D}.Release|Any CPU.ActiveCfg = Release|Any CPU
		{D3BE6101-8CAA-4F80-BCD5-0958D2E11D0D}.Release|Any CPU.Build.0 = Release|Any CPU
		{1F3CF81D-DE65-40A2-9102-88ADF1EC49CA}.Debug|Any CPU.ActiveCfg = Debug|Any CPU
		{1F3CF81D-DE65-40A2-9102-88ADF1EC49CA}.Debug|Any CPU.Build.0 = Debug|Any CPU
		{1F3CF81D-DE65-40A2-9102-88ADF1EC49CA}.Release|Any CPU.ActiveCfg = Release|Any CPU
		{1F3CF81D-DE65-40A2-9102-88ADF1EC49CA}.Release|Any CPU.Build.0 = Release|Any CPU
		{B3B013E1-5130-4888-838B-17E098CB8BFA}.Debug|Any CPU.ActiveCfg = Debug|Any CPU
		{B3B013E1-5130-4888-838B-17E098CB8BFA}.Debug|Any CPU.Build.0 = Debug|Any CPU
		{B3B013E1-5130-4888-838B-17E098CB8BFA}.Release|Any CPU.ActiveCfg = Release|Any CPU
		{B3B013E1-5130-4888-838B-17E098CB8BFA}.Release|Any CPU.Build.0 = Release|Any CPU
	EndGlobalSection
	GlobalSection(SolutionProperties) = preSolution
		HideSolutionNode = FALSE
	EndGlobalSection
	GlobalSection(ExtensibilityGlobals) = postSolution
		SolutionGuid = {8FAD6A7F-346C-4B06-9840-20E884BDEB91}
	EndGlobalSection
EndGlobal
